
Microsoft Visual Studio Solution File, Format Version 12.00
# Visual Studio Version 17
VisualStudioVersion = 17.5.002.0
MinimumVisualStudioVersion = 10.0.40219.1
Project("{2150E333-8FDC-42A3-9474-1A3956D46DE8}") = "a1-Frederik11111", "a1-Frederik11111", "{BD79CF10-28A3-484A-B3E5-D34235648A4B}"
EndProject
Project("{9A19103F-16F7-4668-BE54-9A1E7A4F7556}") = "DIKUCanteen", "a1-Frederik11111\DIKUCanteen\DIKUCanteen.csproj", "{97B91903-ECD7-4AEC-B250-A0FE8652D404}"
EndProject
Project("{9A19103F-16F7-4668-BE54-9A1E7A4F7556}") = "DIKUCanteenTests", "a1-Frederik11111\DIKUCanteenTests\DIKUCanteenTests.csproj", "{A5AC3446-377B-4B90-91EF-3A154007C5F0}"
EndProject
Global
	GlobalSection(SolutionConfigurationPlatforms) = preSolution
		Debug|Any CPU = Debug|Any CPU
		Release|Any CPU = Release|Any CPU
	EndGlobalSection
	GlobalSection(ProjectConfigurationPlatforms) = postSolution
		{97B91903-ECD7-4AEC-B250-A0FE8652D404}.Debug|Any CPU.ActiveCfg = Debug|Any CPU
		{97B91903-ECD7-4AEC-B250-A0FE8652D404}.Debug|Any CPU.Build.0 = Debug|Any CPU
		{97B91903-ECD7-4AEC-B250-A0FE8652D404}.Release|Any CPU.ActiveCfg = Release|Any CPU
		{97B91903-ECD7-4AEC-B250-A0FE8652D404}.Release|Any CPU.Build.0 = Release|Any CPU
		{A5AC3446-377B-4B90-91EF-3A154007C5F0}.Debug|Any CPU.ActiveCfg = Debug|Any CPU
		{A5AC3446-377B-4B90-91EF-3A154007C5F0}.Debug|Any CPU.Build.0 = Debug|Any CPU
		{A5AC3446-377B-4B90-91EF-3A154007C5F0}.Release|Any CPU.ActiveCfg = Release|Any CPU
		{A5AC3446-377B-4B90-91EF-3A154007C5F0}.Release|Any CPU.Build.0 = Release|Any CPU
	EndGlobalSection
	GlobalSection(SolutionProperties) = preSolution
		HideSolutionNode = FALSE
	EndGlobalSection
	GlobalSection(NestedProjects) = preSolution
		{97B91903-ECD7-4AEC-B250-A0FE8652D404} = {BD79CF10-28A3-484A-B3E5-D34235648A4B}
		{A5AC3446-377B-4B90-91EF-3A154007C5F0} = {BD79CF10-28A3-484A-B3E5-D34235648A4B}
	EndGlobalSection
	GlobalSection(ExtensibilityGlobals) = postSolution
		SolutionGuid = {5945DE4D-95E9-45B2-B9AA-8502DAB81CC0}
	EndGlobalSection
EndGlobal
